
Microsoft Visual Studio Solution File, Format Version 12.00
# Visual Studio Version 16
VisualStudioVersion = 16.0.30907.101
MinimumVisualStudioVersion = 10.0.40219.1
Project("{FAE04EC0-301F-11D3-BF4B-00C04F79EFBC}") = "ContactListProj1", "ContactListProj1\ContactListProj1.csproj", "{8AAC016F-9477-4F03-8E9E-555B231C1479}"
EndProject
Global
	GlobalSection(SolutionConfigurationPlatforms) = preSolution
		Debug|Any CPU = Debug|Any CPU
		Release|Any CPU = Release|Any CPU
	EndGlobalSection
	GlobalSection(ProjectConfigurationPlatforms) = postSolution
		{8AAC016F-9477-4F03-8E9E-555B231C1479}.Debug|Any CPU.ActiveCfg = Debug|Any CPU
		{8AAC016F-9477-4F03-8E9E-555B231C1479}.Debug|Any CPU.Build.0 = Debug|Any CPU
		{8AAC016F-9477-4F03-8E9E-555B231C1479}.Release|Any CPU.ActiveCfg = Release|Any CPU
		{8AAC016F-9477-4F03-8E9E-555B231C1479}.Release|Any CPU.Build.0 = Release|Any CPU
	EndGlobalSection
	GlobalSection(SolutionProperties) = preSolution
		HideSolutionNode = FALSE
	EndGlobalSection
	GlobalSection(ExtensibilityGlobals) = postSolution
		SolutionGuid = {3BC9A12B-0BD5-4972-8522-05920A74E983}
	EndGlobalSection
EndGlobal
